lockfileVersion: '9.0'

settings:
  autoInstallPeers: true
  excludeLinksFromLockfile: false

importers:

  .:
    devDependencies:
      '@biomejs/biome':
        specifier: ^2.4.7
        version: 2.4.7
      '@types/node':
        specifier: ^24.12.0
        version: 24.12.0
      '@typescript/native-preview':
        specifier: 7.0.0-dev.20260314.1
        version: 7.0.0-dev.20260314.1
      lefthook:
        specifier: ^2.1.4
        version: 2.1.4
      node:
        specifier: runtime:^24.14.0
        version: runtime:24.14.0
      prettier:
        specifier: ^3.8.1
        version: 3.8.1

packages:

  '@biomejs/biome@2.4.7':
    resolution: {integrity: sha512-vXrgcmNGZ4lpdwZSpMf1hWw1aWS6B+SyeSYKTLrNsiUsAdSRN0J4d/7mF3ogJFbIwFFSOL3wT92Zzxia/d5/ng==}
    engines: {node: '>=14.21.3'}
    hasBin: true

  '@biomejs/cli-darwin-arm64@2.4.7':
    resolution: {integrity: sha512-Oo0cF5mHzmvDmTXw8XSjhCia8K6YrZnk7aCS54+/HxyMdZMruMO3nfpDsrlar/EQWe41r1qrwKiCa2QDYHDzWA==}
    engines: {node: '>=14.21.3'}
    cpu: [arm64]
    os: [darwin]

  '@biomejs/cli-darwin-x64@2.4.7':
    resolution: {integrity: sha512-I+cOG3sd/7HdFtvDSnF9QQPrWguUH7zrkIMMykM3PtfWU9soTcS2yRb9Myq6MHmzbeCT08D1UmY+BaiMl5CcoQ==}
    engines: {node: '>=14.21.3'}
    cpu: [x64]
    os: [darwin]

  '@biomejs/cli-linux-arm64-musl@2.4.7':
    resolution: {integrity: sha512-I2NvM9KPb09jWml93O2/5WMfNR7Lee5Latag1JThDRMURVhPX74p9UDnyTw3Ae6cE1DgXfw7sqQgX7rkvpc0vw==}
    engines: {node: '>=14.21.3'}
    cpu: [arm64]
    os: [linux]
    libc: [musl]

  '@biomejs/cli-linux-arm64@2.4.7':
    resolution: {integrity: sha512-om6FugwmibzfP/6ALj5WRDVSND4H2G9X0nkI1HZpp2ySf9lW2j0X68oQSaHEnls6666oy4KDsc5RFjT4m0kV0w==}
    engines: {node: '>=14.21.3'}
    cpu: [arm64]
    os: [linux]
    libc: [glibc]

  '@biomejs/cli-linux-x64-musl@2.4.7':
    resolution: {integrity: sha512-00kx4YrBMU8374zd2wHuRV5wseh0rom5HqRND+vDldJPrWwQw+mzd/d8byI9hPx926CG+vWzq6AeiT7Yi5y59g==}
    engines: {node: '>=14.21.3'}
    cpu: [x64]
    os: [linux]
    libc: [musl]

  '@biomejs/cli-linux-x64@2.4.7':
    resolution: {integrity: sha512-bV8/uo2Tj+gumnk4sUdkerWyCPRabaZdv88IpbmDWARQQoA/Q0YaqPz1a+LSEDIL7OfrnPi9Hq1Llz4ZIGyIQQ==}
    engines: {node: '>=14.21.3'}
    cpu: [x64]
    os: [linux]
    libc: [glibc]

  '@biomejs/cli-win32-arm64@2.4.7':
    resolution: {integrity: sha512-hOUHBMlFCvDhu3WCq6vaBoG0dp0LkWxSEnEEsxxXvOa9TfT6ZBnbh72A/xBM7CBYB7WgwqboetzFEVDnMxelyw==}
    engines: {node: '>=14.21.3'}
    cpu: [arm64]
    os: [win32]

  '@biomejs/cli-win32-x64@2.4.7':
    resolution: {integrity: sha512-qEpGjSkPC3qX4ycbMUthXvi9CkRq7kZpkqMY1OyhmYlYLnANnooDQ7hDerM8+0NJ+DZKVnsIc07h30XOpt7LtQ==}
    engines: {node: '>=14.21.3'}
    cpu: [x64]
    os: [win32]

  '@types/node@24.12.0':
    resolution: {integrity: sha512-GYDxsZi3ChgmckRT9HPU0WEhKLP08ev/Yfcq2AstjrDASOYCSXeyjDsHg4v5t4jOj7cyDX3vmprafKlWIG9MXQ==}

  '@typescript/native-preview-darwin-arm64@7.0.0-dev.20260314.1':
    resolution: {integrity: sha512-PlDvhms3QsLOkXNnCoQGJXjcZG7G5QMnhpSOmtO5toZ93VhU1qaUdvDlxtbacCYxGXcs6qZiJnGUgcedfqn5cg==}
    cpu: [arm64]
    os: [darwin]

  '@typescript/native-preview-darwin-x64@7.0.0-dev.20260314.1':
    resolution: {integrity: sha512-EEL6sN1kWor4yPCaowFdPOu/5o0puiudCLWTpDXzkbhFDR0sak/g+2VmtRuNiUi4JOKdJ6bJQKiXFrATAJWDYw==}
    cpu: [x64]
    os: [darwin]

  '@typescript/native-preview-linux-arm64@7.0.0-dev.20260314.1':
    resolution: {integrity: sha512-qllNIMVM+kNH/ivL4AMelDs1C8J9NzUFzO6tmJ6hoXD5jUrvc38agcO+DnrXwrxR1Wd7mS7iDujAeSoZkeWWfQ==}
    cpu: [arm64]
    os: [linux]

  '@typescript/native-preview-linux-arm@7.0.0-dev.20260314.1':
    resolution: {integrity: sha512-7tahKAxuJvjVmtORpecEtWWJmYVRmYL3t3U+PXaFKwPOBmoa38zWjlmbrBHodTqfO5XSpCp9wUbWC3k83DsCsw==}
    cpu: [arm]
    os: [linux]

  '@typescript/native-preview-linux-x64@7.0.0-dev.20260314.1':
    resolution: {integrity: sha512-vdqd/swfZTN7EN85QON0e/2fpDbYNP6ZFPjBbZ78BISPy3nsv+DR0t5vAlfRB9wA86zpExfTgVJ4ZUnoUQpTkw==}
    cpu: [x64]
    os: [linux]

  '@typescript/native-preview-win32-arm64@7.0.0-dev.20260314.1':
    resolution: {integrity: sha512-ukLU9r2/H4oMIw8+JHfmraavREotyt9/5Z2X1F5EksefOvfb0Fpb6j6TWastQFZIFuAlvpr8tXHThq7rZwIdPg==}
    cpu: [arm64]
    os: [win32]

  '@typescript/native-preview-win32-x64@7.0.0-dev.20260314.1':
    resolution: {integrity: sha512-kkl27prdWvxiRzS8n7/trlVrHTOrrY8AdGZgKnE07C4kUqk/FeIudp5DaOsYeFD9GWO32vUU7KXCfpFqvFrK3A==}
    cpu: [x64]
    os: [win32]

  '@typescript/native-preview@7.0.0-dev.20260314.1':
    resolution: {integrity: sha512-XOVmR59UL6r2dmcdZD6SV4nhX5u4e34onMv7XSz9zKBp9mb8/v8kKPgGy9adp9at24FpAeBYNN5HKIViSeHtpQ==}
    hasBin: true

  lefthook-darwin-arm64@2.1.4:
    resolution: {integrity: sha512-BUAAE9+rUrjr39a+wH/1zHmGrDdwUQ2Yq/z6BQbM/yUb9qtXBRcQ5eOXxApqWW177VhGBpX31aqIlfAZ5Q7wzw==}
    cpu: [arm64]
    os: [darwin]

  lefthook-darwin-x64@2.1.4:
    resolution: {integrity: sha512-K1ncIMEe84fe+ss1hQNO7rIvqiKy2TJvTFpkypvqFodT7mJXZn7GLKYTIXdIuyPAYthRa9DwFnx5uMoHwD2F1Q==}
    cpu: [x64]
    os: [darwin]

  lefthook-freebsd-arm64@2.1.4:
    resolution: {integrity: sha512-PVUhjOhVN71YaYsVdQyNbFZ4a2jFB2Tg5hKrrn9kaWpx64aLz/XivLjwr8sEuTaP1GRlEWBpW6Bhrcsyo39qFw==}
    cpu: [arm64]
    os: [freebsd]

  lefthook-freebsd-x64@2.1.4:
    resolution: {integrity: sha512-ZWV9o/LeyWNEBoVO+BhLqxH3rGTba05nkm5NvMjEFSj7LbUNUDbQmupZwtHl1OMGJO66eZP0CalzRfUH6GhBxQ==}
    cpu: [x64]
    os: [freebsd]

  lefthook-linux-arm64@2.1.4:
    resolution: {integrity: sha512-iWN0pGnTjrIvNIcSI1vQBJXUbybTqJ5CLMniPA0olabMXQfPDrdMKVQe+mgdwHK+E3/Y0H0ZNL3lnOj6Sk6szA==}
    cpu: [arm64]
    os: [linux]

  lefthook-linux-x64@2.1.4:
    resolution: {integrity: sha512-96bTBE/JdYgqWYAJDh+/e/0MaxJ25XTOAk7iy/fKoZ1ugf6S0W9bEFbnCFNooXOcxNVTan5xWKfcjJmPIKtsJA==}
    cpu: [x64]
    os: [linux]

  lefthook-openbsd-arm64@2.1.4:
    resolution: {integrity: sha512-oYUoK6AIJNEr9lUSpIMj6g7sWzotvtc3ryw7yoOyQM6uqmEduw73URV/qGoUcm4nqqmR93ZalZwR2r3Gd61zvw==}
    cpu: [arm64]
    os: [openbsd]

  lefthook-openbsd-x64@2.1.4:
    resolution: {integrity: sha512-i/Dv9Jcm68y9cggr1PhyUhOabBGP9+hzQPoiyOhKks7y9qrJl79A8XfG6LHekSuYc2VpiSu5wdnnrE1cj2nfTg==}
    cpu: [x64]
    os: [openbsd]

  lefthook-windows-arm64@2.1.4:
    resolution: {integrity: sha512-hSww7z+QX4YMnw2lK7DMrs3+w7NtxksuMKOkCKGyxUAC/0m1LAICo0ZbtdDtZ7agxRQQQ/SEbzFRhU5ysNcbjA==}
    cpu: [arm64]
    os: [win32]

  lefthook-windows-x64@2.1.4:
    resolution: {integrity: sha512-eE68LwnogxwcPgGsbVGPGxmghyMGmU9SdGwcc+uhGnUxPz1jL89oECMWJNc36zjVK24umNeDAzB5KA3lw1MuWw==}
    cpu: [x64]
    os: [win32]

  lefthook@2.1.4:
    resolution: {integrity: sha512-JNfJ5gAn0KADvJ1I6/xMcx70+/6TL6U9gqGkKvPw5RNMfatC7jIg0Evl97HN846xmfz959BV70l8r3QsBJk30w==}
    hasBin: true

  node@runtime:24.14.0:
    resolution:
      type: variations
      variants:
        - resolution:
            archive: tarball
            bin: bin/node
            integrity: sha256-J6xI+Ux+iPSwxdkHfw/sECViicfcoh4Nn4LLqtE9bj0=
            type: binary
            url: https://nodejs.org/download/release/v24.14.0/node-v24.14.0-aix-ppc64.tar.gz
          targets:
            - cpu: ppc64
              os: aix
        - resolution:
            archive: tarball
            bin: bin/node
            integrity: sha256-oaVPRqdQ0lI9Yo2SSqthdYpRydrT4COL6xQUG+lhXdM=
            type: binary
            url: https://nodejs.org/download/release/v24.14.0/node-v24.14.0-darwin-arm64.tar.gz
          targets:
            - cpu: arm64
              os: darwin
        - resolution:
            archive: tarball
            bin: bin/node
            integrity: sha256-8oeeuBDiWZOgV45dh4kwJm/S6vz/6fKDmz2Ns1TUh54=
            type: binary
            url: https://nodejs.org/download/release/v24.14.0/node-v24.14.0-darwin-x64.tar.gz
          targets:
            - cpu: x64
              os: darwin
        - resolution:
            archive: tarball
            bin: bin/node
            integrity: sha256-9EdAzSGN6BJ/HETEFRCjp0D6XJyNHNzhw77a2nnzzec=
            type: binary
            url: https://nodejs.org/download/release/v24.14.0/node-v24.14.0-linux-arm64.tar.gz
          targets:
            - cpu: arm64
              os: linux
        - resolution:
            archive: tarball
            bin: bin/node
            integrity: sha256-g7Jj+cLqlGwMShXDyupkcNxJ/gvrbzPf0pqpEoJQY3o=
            type: binary
            url: https://nodejs.org/download/release/v24.14.0/node-v24.14.0-linux-ppc64le.tar.gz
          targets:
            - cpu: ppc64le
              os: linux
        - resolution:
            archive: tarball
            bin: bin/node
            integrity: sha256-j6Igofe3dpYFwukp/b9zaCKZe/TPiKPbBRiOq9dxIyg=
            type: binary
            url: https://nodejs.org/download/release/v24.14.0/node-v24.14.0-linux-s390x.tar.gz
          targets:
            - cpu: s390x
              os: linux
        - resolution:
            archive: tarball
            bin: bin/node
            integrity: sha256-2/W4Zl3sFeWeY1mlF/77R7I/25FS2N75dbm8o9/G01U=
            type: binary
            url: https://nodejs.org/download/release/v24.14.0/node-v24.14.0-linux-x64.tar.gz
          targets:
            - cpu: x64
              os: linux
        - resolution:
            archive: zip
            bin: node.exe
            integrity: sha256-iNNugQlzai+pvcWW8s9QejxSxpzfluVPis1HPsFL6FM=
            prefix: node-v24.14.0-win-arm64
            type: binary
            url: https://nodejs.org/download/release/v24.14.0/node-v24.14.0-win-arm64.zip
          targets:
            - cpu: arm64
              os: win32
        - resolution:
            archive: zip
            bin: node.exe
            integrity: sha256-MT+kDA17GFdYId6MsXSDAx/gfZXeWZT29DXzs0X4XGY=
            prefix: node-v24.14.0-win-x64
            type: binary
            url: https://nodejs.org/download/release/v24.14.0/node-v24.14.0-win-x64.zip
          targets:
            - cpu: x64
              os: win32
    version: 24.14.0
    hasBin: true

  prettier@3.8.1:
    resolution: {integrity: sha512-UOnG6LftzbdaHZcKoPFtOcCKztrQ57WkHDeRD9t/PTQtmT0NHSeWWepj6pS0z/N7+08BHFDQVUrfmfMRcZwbMg==}
    engines: {node: '>=14'}
    hasBin: true

  undici-types@7.16.0:
    resolution: {integrity: sha512-Zz+aZWSj8LE6zoxD+xrjh4VfkIG8Ya6LvYkZqtUQGJPZjYl53ypCaUwWqo7eI0x66KBGeRo+mlBEkMSeSZ38Nw==}

snapshots:

  '@biomejs/biome@2.4.7':
    optionalDependencies:
      '@biomejs/cli-darwin-arm64': 2.4.7
      '@biomejs/cli-darwin-x64': 2.4.7
      '@biomejs/cli-linux-arm64': 2.4.7
      '@biomejs/cli-linux-arm64-musl': 2.4.7
      '@biomejs/cli-linux-x64': 2.4.7
      '@biomejs/cli-linux-x64-musl': 2.4.7
      '@biomejs/cli-win32-arm64': 2.4.7
      '@biomejs/cli-win32-x64': 2.4.7

  '@biomejs/cli-darwin-arm64@2.4.7':
    optional: true

  '@biomejs/cli-darwin-x64@2.4.7':
    optional: true

  '@biomejs/cli-linux-arm64-musl@2.4.7':
    optional: true

  '@biomejs/cli-linux-arm64@2.4.7':
    optional: true

  '@biomejs/cli-linux-x64-musl@2.4.7':
    optional: true

  '@biomejs/cli-linux-x64@2.4.7':
    optional: true

  '@biomejs/cli-win32-arm64@2.4.7':
    optional: true

  '@biomejs/cli-win32-x64@2.4.7':
    optional: true

  '@types/node@24.12.0':
    dependencies:
      undici-types: 7.16.0

  '@typescript/native-preview-darwin-arm64@7.0.0-dev.20260314.1':
    optional: true

  '@typescript/native-preview-darwin-x64@7.0.0-dev.20260314.1':
    optional: true

  '@typescript/native-preview-linux-arm64@7.0.0-dev.20260314.1':
    optional: true

  '@typescript/native-preview-linux-arm@7.0.0-dev.20260314.1':
    optional: true

  '@typescript/native-preview-linux-x64@7.0.0-dev.20260314.1':
    optional: true

  '@typescript/native-preview-win32-arm64@7.0.0-dev.20260314.1':
    optional: true

  '@typescript/native-preview-win32-x64@7.0.0-dev.20260314.1':
    optional: true

  '@typescript/native-preview@7.0.0-dev.20260314.1':
    optionalDependencies:
      '@typescript/native-preview-darwin-arm64': 7.0.0-dev.20260314.1
      '@typescript/native-preview-darwin-x64': 7.0.0-dev.20260314.1
      '@typescript/native-preview-linux-arm': 7.0.0-dev.20260314.1
      '@typescript/native-preview-linux-arm64': 7.0.0-dev.20260314.1
      '@typescript/native-preview-linux-x64': 7.0.0-dev.20260314.1
      '@typescript/native-preview-win32-arm64': 7.0.0-dev.20260314.1
      '@typescript/native-preview-win32-x64': 7.0.0-dev.20260314.1

  lefthook-darwin-arm64@2.1.4:
    optional: true

  lefthook-darwin-x64@2.1.4:
    optional: true

  lefthook-freebsd-arm64@2.1.4:
    optional: true

  lefthook-freebsd-x64@2.1.4:
    optional: true

  lefthook-linux-arm64@2.1.4:
    optional: true

  lefthook-linux-x64@2.1.4:
    optional: true

  lefthook-openbsd-arm64@2.1.4:
    optional: true

  lefthook-openbsd-x64@2.1.4:
    optional: true

  lefthook-windows-arm64@2.1.4:
    optional: true

  lefthook-windows-x64@2.1.4:
    optional: true

  lefthook@2.1.4:
    optionalDependencies:
      lefthook-darwin-arm64: 2.1.4
      lefthook-darwin-x64: 2.1.4
      lefthook-freebsd-arm64: 2.1.4
      lefthook-freebsd-x64: 2.1.4
      lefthook-linux-arm64: 2.1.4
      lefthook-linux-x64: 2.1.4
      lefthook-openbsd-arm64: 2.1.4
      lefthook-openbsd-x64: 2.1.4
      lefthook-windows-arm64: 2.1.4
      lefthook-windows-x64: 2.1.4

  node@runtime:24.14.0: {}

  prettier@3.8.1: {}

  undici-types@7.16.0: {}
