lockfileVersion: '9.0'

settings:
  autoInstallPeers: true
  excludeLinksFromLockfile: false

importers:

  .:
    devDependencies:
      lefthook:
        specifier: ^1.11.3
        version: 1.11.3
      prettier:
        specifier: ^3.5.3
        version: 3.5.3

packages:

  lefthook-darwin-arm64@1.11.3:
    resolution: {integrity: sha512-IYzAOf8Qwqk7q+LoRyy7kSk9vzpUZ5wb/vLzEAH/F86Vay9AUaWe1f2pzeLwFg18qEc1QNklT69h9p/uLQMojA==}
    cpu: [arm64]
    os: [darwin]

  lefthook-darwin-x64@1.11.3:
    resolution: {integrity: sha512-z/Wp7UMjE1Vyl+x9sjN3NvN6qKdwgHl+cDf98MKKDg/WyPE5XnzqLm9rLLJgImjyClfH7ptTfZxEyhTG3M3XvQ==}
    cpu: [x64]
    os: [darwin]

  lefthook-freebsd-arm64@1.11.3:
    resolution: {integrity: sha512-QevwQ7lrv5wBCkk7LLTzT5KR3Bk/5nttSxT1UH2o0EsgirS/c2K5xSgQmV6m3CiZYuCe2Pja4BSIwN3zt17SMw==}
    cpu: [arm64]
    os: [freebsd]

  lefthook-freebsd-x64@1.11.3:
    resolution: {integrity: sha512-PYbcyNgdJJ4J2pEO9Ss4oYo5yq4vmQGTKm3RTYbRx4viSWR65hvKCP0C4LnIqspMvmR05SJi2bqe7UBP2t60EA==}
    cpu: [x64]
    os: [freebsd]

  lefthook-linux-arm64@1.11.3:
    resolution: {integrity: sha512-0pBMBAoafOAEg345eOPozsmRjWR0zCr6k+m5ZxwRBZbZx1bQFDqBakQ3TpFCphhcykmgFyaa1KeZJZUOrEsezA==}
    cpu: [arm64]
    os: [linux]

  lefthook-linux-x64@1.11.3:
    resolution: {integrity: sha512-eiezheZ/bisBCMB2Ur0mctug/RDFyu39B5wzoE8y4z0W1yw6jHGrWMJ4Y8+5qKZ7fmdZg+7YPuMHZ2eFxOnhQA==}
    cpu: [x64]
    os: [linux]

  lefthook-openbsd-arm64@1.11.3:
    resolution: {integrity: sha512-DRLTzXdtCj/TizpLcGSqXcnrqvgxeXgn/6nqzclIGqNdKCsNXDzpI0D3sP13Vwwmyoqv2etoTak2IHqZiXZDqg==}
    cpu: [arm64]
    os: [openbsd]

  lefthook-openbsd-x64@1.11.3:
    resolution: {integrity: sha512-l7om+ZjWpYrVZyDuElwnucZhEqa7YfwlRaKBenkBxEh2zMje8O6Zodeuma1KmyDbSFvnvEjARo/Ejiot4gLXEw==}
    cpu: [x64]
    os: [openbsd]

  lefthook-windows-arm64@1.11.3:
    resolution: {integrity: sha512-X0iTrql2gfPAkU2dzRwuHWgW5RcqCPbzJtKQ41X6Y/F7iQacRknmuYUGyC81funSvzGAsvlusMVLUvaFjIKnbA==}
    cpu: [arm64]
    os: [win32]

  lefthook-windows-x64@1.11.3:
    resolution: {integrity: sha512-F+ORMn6YJXoS0EXU5LtN1FgV4QX9rC9LucZEkRmK6sKmS7hcb9IHpyb7siRGytArYzJvXVjPbxPBNSBdN4egZQ==}
    cpu: [x64]
    os: [win32]

  lefthook@1.11.3:
    resolution: {integrity: sha512-HJp37y62j3j8qzAOODWuUJl4ysLwsDvCTBV6odr3jIRHR/a5e+tI14VQGIBcpK9ysqC3pGWyW5Rp9Jv1YDubyw==}
    hasBin: true

  prettier@3.5.3:
    resolution: {integrity: sha512-QQtaxnoDJeAkDvDKWCLiwIXkTgRhwYDEQCghU9Z6q03iyek/rxRh/2lC3HB7P8sWT2xC/y5JDctPLBIGzHKbhw==}
    engines: {node: '>=14'}
    hasBin: true

snapshots:

  lefthook-darwin-arm64@1.11.3:
    optional: true

  lefthook-darwin-x64@1.11.3:
    optional: true

  lefthook-freebsd-arm64@1.11.3:
    optional: true

  lefthook-freebsd-x64@1.11.3:
    optional: true

  lefthook-linux-arm64@1.11.3:
    optional: true

  lefthook-linux-x64@1.11.3:
    optional: true

  lefthook-openbsd-arm64@1.11.3:
    optional: true

  lefthook-openbsd-x64@1.11.3:
    optional: true

  lefthook-windows-arm64@1.11.3:
    optional: true

  lefthook-windows-x64@1.11.3:
    optional: true

  lefthook@1.11.3:
    optionalDependencies:
      lefthook-darwin-arm64: 1.11.3
      lefthook-darwin-x64: 1.11.3
      lefthook-freebsd-arm64: 1.11.3
      lefthook-freebsd-x64: 1.11.3
      lefthook-linux-arm64: 1.11.3
      lefthook-linux-x64: 1.11.3
      lefthook-openbsd-arm64: 1.11.3
      lefthook-openbsd-x64: 1.11.3
      lefthook-windows-arm64: 1.11.3
      lefthook-windows-x64: 1.11.3

  prettier@3.5.3: {}
