lockfileVersion: '9.0'

settings:
  autoInstallPeers: true
  excludeLinksFromLockfile: false

importers:

  .:
    devDependencies:
      lefthook:
        specifier: ^1.11.12
        version: 1.11.12
      prettier:
        specifier: ^3.5.3
        version: 3.5.3

packages:

  lefthook-darwin-arm64@1.11.12:
    resolution: {integrity: sha512-nB3rZVGoign6lhlbdfT1/knk4fV4Kx7kgbho8oSFcpw/o2qRQpLqmclCWUTtf+Pyj4vCzE7hiee/m+uQtvu19w==}
    cpu: [arm64]
    os: [darwin]

  lefthook-darwin-x64@1.11.12:
    resolution: {integrity: sha512-ExNz8ctFRRaVz2wpvjmOtV4GeZcRdsAZwnZbmvlu1fMcJ6WtjAuR6fB0ybtcsc03/zBNrfShiq+VtZLkGv8Oeg==}
    cpu: [x64]
    os: [darwin]

  lefthook-freebsd-arm64@1.11.12:
    resolution: {integrity: sha512-3Si6YJ8YLEMJ6TGsaBI2ni64XSrJX69N4gX7OKQp85IXeizPUEy7oorYAJCUaw5nMffRbIkzxNTjaMkcn4iwag==}
    cpu: [arm64]
    os: [freebsd]

  lefthook-freebsd-x64@1.11.12:
    resolution: {integrity: sha512-J18MNYZKkVdHJ5K54MT8kxJ/W4TBUxD8aCi4e+Oliw8UXAiwaJSTGPkdY5P8aUlVYDknN2w+6I99Dxre6CJRFw==}
    cpu: [x64]
    os: [freebsd]

  lefthook-linux-arm64@1.11.12:
    resolution: {integrity: sha512-oIWcj7mcHnFB4tcfz4dsZTnDTXIyF7cjCEqhDQTvqJQLbE1XRfjU0RzQdgSKrzdmXIcUFB+lmcgeRwJnKBEJ8Q==}
    cpu: [arm64]
    os: [linux]

  lefthook-linux-x64@1.11.12:
    resolution: {integrity: sha512-sr9X5dW5dl9Fa3Kdk3x66DPGgCz/rykm+JHIyQGfnuvZnaeqkEaXgNubBaVGBbOimagXgtA5DwXc6D6fzUYALA==}
    cpu: [x64]
    os: [linux]

  lefthook-openbsd-arm64@1.11.12:
    resolution: {integrity: sha512-4TuX8c/lwky1DSNIY6knIFlMIHQZrVBxh6O5vSTjOAjKv5YmIkNgeUlwcBD+SMru9tQBj7MvOpJSkVkaLK5hhQ==}
    cpu: [arm64]
    os: [openbsd]

  lefthook-openbsd-x64@1.11.12:
    resolution: {integrity: sha512-Y/rPvyXtsIH+pxACfLHwxqc2Ahk+aExj8Izce3zXp75Wki5DH+6TXm5tWj5CgIuefL7CMqNFsOZCjEe1+SyM+w==}
    cpu: [x64]
    os: [openbsd]

  lefthook-windows-arm64@1.11.12:
    resolution: {integrity: sha512-OJaElGktzsMrkmIpXBqwlc+eZx5kwxx+tJFByTXiW/rb8ttBwj0ueVyfo3lw/PqqlbMy73qc9Uj3CHYkaKsDKw==}
    cpu: [arm64]
    os: [win32]

  lefthook-windows-x64@1.11.12:
    resolution: {integrity: sha512-ZhKsisibIcaG+rv9i7UJUgnuejI6mfaS5T3FreqsWt5vAsEIvLLNmZUA15MHPr99n+L4La1YQ2jTqie1kH57dA==}
    cpu: [x64]
    os: [win32]

  lefthook@1.11.12:
    resolution: {integrity: sha512-refh8mlcNtwJfmHDH+2mN1KTIVjp1EHlrjzOjfH/hJ4vFQByH2+1KfFDlJLX9V16VESwUNyOGkEZ9cJEF6zNgg==}
    hasBin: true

  prettier@3.5.3:
    resolution: {integrity: sha512-QQtaxnoDJeAkDvDKWCLiwIXkTgRhwYDEQCghU9Z6q03iyek/rxRh/2lC3HB7P8sWT2xC/y5JDctPLBIGzHKbhw==}
    engines: {node: '>=14'}
    hasBin: true

snapshots:

  lefthook-darwin-arm64@1.11.12:
    optional: true

  lefthook-darwin-x64@1.11.12:
    optional: true

  lefthook-freebsd-arm64@1.11.12:
    optional: true

  lefthook-freebsd-x64@1.11.12:
    optional: true

  lefthook-linux-arm64@1.11.12:
    optional: true

  lefthook-linux-x64@1.11.12:
    optional: true

  lefthook-openbsd-arm64@1.11.12:
    optional: true

  lefthook-openbsd-x64@1.11.12:
    optional: true

  lefthook-windows-arm64@1.11.12:
    optional: true

  lefthook-windows-x64@1.11.12:
    optional: true

  lefthook@1.11.12:
    optionalDependencies:
      lefthook-darwin-arm64: 1.11.12
      lefthook-darwin-x64: 1.11.12
      lefthook-freebsd-arm64: 1.11.12
      lefthook-freebsd-x64: 1.11.12
      lefthook-linux-arm64: 1.11.12
      lefthook-linux-x64: 1.11.12
      lefthook-openbsd-arm64: 1.11.12
      lefthook-openbsd-x64: 1.11.12
      lefthook-windows-arm64: 1.11.12
      lefthook-windows-x64: 1.11.12

  prettier@3.5.3: {}
